
Microsoft Visual Studio Solution File, Format Version 12.00
# Visual Studio Version 17
VisualStudioVersion = 17.10.35027.167
MinimumVisualStudioVersion = 10.0.40219.1
Project("{FAE04EC0-301F-11D3-BF4B-00C04F79EFBC}") = "CS_Bai4_QLHD", "CS_Bai4_QLHD.csproj", "{4184DF2B-65D4-4E08-BDAB-ABC0796D8996}"
EndProject
Global
	GlobalSection(SolutionConfigurationPlatforms) = preSolution
		Debug|Any CPU = Debug|Any CPU
		Release|Any CPU = Release|Any CPU
	EndGlobalSection
	GlobalSection(ProjectConfigurationPlatforms) = postSolution
		{4184DF2B-65D4-4E08-BDAB-ABC0796D8996}.Debug|Any CPU.ActiveCfg = Debug|Any CPU
		{4184DF2B-65D4-4E08-BDAB-ABC0796D8996}.Debug|Any CPU.Build.0 = Debug|Any CPU
		{4184DF2B-65D4-4E08-BDAB-ABC0796D8996}.Release|Any CPU.ActiveCfg = Release|Any CPU
		{4184DF2B-65D4-4E08-BDAB-ABC0796D8996}.Release|Any CPU.Build.0 = Release|Any CPU
	EndGlobalSection
	GlobalSection(SolutionProperties) = preSolution
		HideSolutionNode = FALSE
	EndGlobalSection
	GlobalSection(ExtensibilityGlobals) = postSolution
		SolutionGuid = {42076179-D14D-4017-BA59-B0FB10428A27}
	EndGlobalSection
EndGlobal
